
Microsoft Visual Studio Solution File, Format Version 12.00
# Visual Studio Version 17
VisualStudioVersion = 17.14.37314.3 d17.14
MinimumVisualStudioVersion = 10.0.40219.1
Project("{888888A0-9F3D-457C-B088-3A5042F75D52}") = "agentic_lab", "agentic_lab.pyproj", "{999BD2BE-DBD2-4A84-A411-50F4DF6F3CBF}"
EndProject
Global
	GlobalSection(SolutionConfigurationPlatforms) = preSolution
		Debug|Any CPU = Debug|Any CPU
		Release|Any CPU = Release|Any CPU
	EndGlobalSection
	GlobalSection(ProjectConfigurationPlatforms) = postSolution
		{999BD2BE-DBD2-4A84-A411-50F4DF6F3CBF}.Debug|Any CPU.ActiveCfg = Debug|Any CPU
		{999BD2BE-DBD2-4A84-A411-50F4DF6F3CBF}.Release|Any CPU.ActiveCfg = Release|Any CPU
	EndGlobalSection
	GlobalSection(SolutionProperties) = preSolution
		HideSolutionNode = FALSE
	EndGlobalSection
	GlobalSection(ExtensibilityGlobals) = postSolution
		SolutionGuid = {9C88FB27-133E-4628-B7ED-9340900BD098}
	EndGlobalSection
EndGlobal
